
Microsoft Visual Studio Solution File, Format Version 12.00
# Visual Studio 15
Project("{FAE04EC0-301F-11D3-BF4B-00C04F79EFBC}") = "Assembly-CSharp", "Assembly-CSharp.csproj", "{C1B4C69C-D76D-2050-E2FC-286ECC7CDBB9}"
EndProject
Project("{FAE04EC0-301F-11D3-BF4B-00C04F79EFBC}") = "Assembly-CSharp-Editor", "Assembly-CSharp-Editor.csproj", "{01A8D26C-220C-D65F-E65F-589B567326D8}"
EndProject
Global
	GlobalSection(SolutionConfigurationPlatforms) = preSolution
		Debug|Any CPU = Debug|Any CPU
		Release|Any CPU = Release|Any CPU
	EndGlobalSection
	GlobalSection(ProjectConfigurationPlatforms) = postSolution
		{C1B4C69C-D76D-2050-E2FC-286ECC7CDBB9}.Debug|Any CPU.ActiveCfg = Debug|Any CPU
		{C1B4C69C-D76D-2050-E2FC-286ECC7CDBB9}.Debug|Any CPU.Build.0 = Debug|Any CPU
		{C1B4C69C-D76D-2050-E2FC-286ECC7CDBB9}.Release|Any CPU.ActiveCfg = Release|Any CPU
		{C1B4C69C-D76D-2050-E2FC-286ECC7CDBB9}.Release|Any CPU.Build.0 = Release|Any CPU
		{01A8D26C-220C-D65F-E65F-589B567326D8}.Debug|Any CPU.ActiveCfg = Debug|Any CPU
		{01A8D26C-220C-D65F-E65F-589B567326D8}.Debug|Any CPU.Build.0 = Debug|Any CPU
		{01A8D26C-220C-D65F-E65F-589B567326D8}.Release|Any CPU.ActiveCfg = Release|Any CPU
		{01A8D26C-220C-D65F-E65F-589B567326D8}.Release|Any CPU.Build.0 = Release|Any CPU
	EndGlobalSection
	GlobalSection(SolutionProperties) = preSolution
		HideSolutionNode = FALSE
	EndGlobalSection
EndGlobal
